# This file was autogenerated by Stack.
# You should not edit this file by hand.
# For more information, please see the documentation at:
#   https://docs.haskellstack.org/en/stable/lock_files

packages:
- completed:
    hackage: MissingH-1.6.0.1@sha256:a388388df2f809d5a341164b6a4b5a6fea42a05aba215a4f34fa5b251400f823,4681
    pantry-tree:
      sha256: e7e0a575e5a559fea34c64a87ee50ad94b53d75768403c80b1633bbca58333c7
      size: 5272
  original:
    hackage: MissingH-1.6.0.1
- completed:
    hackage: html-parse-0.2.1.0@sha256:d2f56693c5f45a5df902583e42ac0180f692e30b0e8c3c58c853a96b318ae8d0,4317
    pantry-tree:
      sha256: a8c32c697f33b9b4ae16f2efcee9c029d5f12a84f378da1f529d5b48881b5754
      size: 757
  original:
    hackage: html-parse-0.2.1.0
- completed:
    name: twitch
    pantry-tree:
      sha256: 6a7f22fe3916ef1ef1fc12ab25384f6f13394976a778db27107189a83602b2c5
      size: 1910
    sha256: aa09c0300c53a0b967be3c0dc0d5838a3f9209436b470943bc9f1ac0a33b2cde
    size: 1988280
    url: https://github.com/jfischoff/twitch/archive/bd6f68d7f11db1b0a12547bfc2b86f813cf6ef47.tar.gz
    version: 0.2.0.0
  original:
    url: https://github.com/jfischoff/twitch/archive/bd6f68d7f11db1b0a12547bfc2b86f813cf6ef47.tar.gz
- completed:
    hackage: random-1.1@sha256:7b67624fd76ddf97c206de0801dc7e888097e9d572974be9b9ea6551d76965df,1777
    pantry-tree:
      sha256: 14a1b01728c5584e87c9fa00746a66e28ffd89dd2c0eabd334c8463953496e1b
      size: 637
  original:
    hackage: random-1.1@sha256:7b67624fd76ddf97c206de0801dc7e888097e9d572974be9b9ea6551d76965df,1777
snapshots:
- completed:
    sha256: 1b4c2669e26fa828451830ed4725e4d406acc25a1fa24fcc039465dd13d7a575
    size: 714100
    url: https://raw.githubusercontent.com/commercialhaskell/stackage-snapshots/master/lts/22/6.yaml
  original: lts-22.6
